// !$*UTF8*$!
{
	archiveVersion = 1;
	classes = {
	};
	objectVersion = 46;
	objects = {

/* Begin PBXBuildFile section */
		D20001521E08FF2E000124E3 /* SecondViewController.m in Sources */ = {isa = PBXBuildFile; fileRef = D20001511E08FF2E000124E3 /* SecondViewController.m */; };
		D26CCBA11E03CA7D0059E1B9 /* main.m in Sources */ = {isa = PBXBuildFile; fileRef = D26CCBA01E03CA7D0059E1B9 /* main.m */; };
		D26CCBA41E03CA7D0059E1B9 /* AppDelegate.m in Sources */ = {isa = PBXBuildFile; fileRef = D26CCBA31E03CA7D0059E1B9 /* AppDelegate.m */; };
		D26CCBA71E03CA7D0059E1B9 /* ViewController.m in Sources */ = {isa = PBXBuildFile; fileRef = D26CCBA61E03CA7D0059E1B9 /* ViewController.m */; };
		D26CCBAA1E03CA7D0059E1B9 /* Main.storyboard in Resources */ = {isa = PBXBuildFile; fileRef = D26CCBA81E03CA7D0059E1B9 /* Main.storyboard */; };
		D26CCBAC1E03CA7D0059E1B9 /* Assets.xcassets in Resources */ = {isa = PBXBuildFile; fileRef = D26CCBAB1E03CA7D0059E1B9 /* Assets.xcassets */; };
		D26CCBAF1E03CA7D0059E1B9 /* LaunchScreen.storyboard in Resources */ = {isa = PBXBuildFile; fileRef = D26CCBAD1E03CA7D0059E1B9 /* LaunchScreen.storyboard */; };
		D26CCBBA1E03CA7D0059E1B9 /* _______Tests.m in Sources */ = {isa = PBXBuildFile; fileRef = D26CCBB91E03CA7D0059E1B9 /* _______Tests.m */; };
		D26CCBC51E03CA7D0059E1B9 /* _______UITests.m in Sources */ = {isa = PBXBuildFile; fileRef = D26CCBC41E03CA7D0059E1B9 /* _______UITests.m */; };
		D29F21C71E091207000F6948 /* TableViewCell.m in Sources */ = {isa = PBXBuildFile; fileRef = D29F21C51E091207000F6948 /* TableViewCell.m */; };
		D29F21C81E091207000F6948 /* TableViewCell.xib in Resources */ = {isa = PBXBuildFile; fileRef = D29F21C61E091207000F6948 /* TableViewCell.xib */; };
		D2B3D30D1E0BD3C800FF4EE2 /* arrow@2x.png in Resources */ = {isa = PBXBuildFile; fileRef = D2B3D3051E0BD3C800FF4EE2 /* arrow@2x.png */; };
		D2B3D30E1E0BD3C800FF4EE2 /* head.png in Resources */ = {isa = PBXBuildFile; fileRef = D2B3D3061E0BD3C800FF4EE2 /* head.png */; };
		D2B3D30F1E0BD3C800FF4EE2 /* image1.png in Resources */ = {isa = PBXBuildFile; fileRef = D2B3D3071E0BD3C800FF4EE2 /* image1.png */; };
		D2B3D3111E0BD3C800FF4EE2 /* nextimage1.png in Resources */ = {isa = PBXBuildFile; fileRef = D2B3D3091E0BD3C800FF4EE2 /* nextimage1.png */; };
		D2B3D3121E0BD3C800FF4EE2 /* nextimage2.png in Resources */ = {isa = PBXBuildFile; fileRef = D2B3D30A1E0BD3C800FF4EE2 /* nextimage2.png */; };
		D2B3D3131E0BD3C800FF4EE2 /* nextimage3.png in Resources */ = {isa = PBXBuildFile; fileRef = D2B3D30B1E0BD3C800FF4EE2 /* nextimage3.png */; };
		D2B3D3141E0BD3C800FF4EE2 /* presentimage.png in Resources */ = {isa = PBXBuildFile; fileRef = D2B3D30C1E0BD3C800FF4EE2 /* presentimage.png */; };
		D2B3D3421E0BD3F300FF4EE2 /* MJRefreshAutoFooter.m in Sources */ = {isa = PBXBuildFile; fileRef = D2B3D3181E0BD3F300FF4EE2 /* MJRefreshAutoFooter.m */; };
		D2B3D3431E0BD3F300FF4EE2 /* MJRefreshBackFooter.m in Sources */ = {isa = PBXBuildFile; fileRef = D2B3D31A1E0BD3F300FF4EE2 /* MJRefreshBackFooter.m */; };
		D2B3D3441E0BD3F300FF4EE2 /* MJRefreshComponent.m in Sources */ = {isa = PBXBuildFile; fileRef = D2B3D31C1E0BD3F300FF4EE2 /* MJRefreshComponent.m */; };
		D2B3D3451E0BD3F300FF4EE2 /* MJRefreshFooter.m in Sources */ = {isa = PBXBuildFile; fileRef = D2B3D31E1E0BD3F300FF4EE2 /* MJRefreshFooter.m */; };
		D2B3D3461E0BD3F300FF4EE2 /* MJRefreshHeader.m in Sources */ = {isa = PBXBuildFile; fileRef = D2B3D3201E0BD3F300FF4EE2 /* MJRefreshHeader.m */; };
		D2B3D3471E0BD3F300FF4EE2 /* MJRefreshAutoGifFooter.m in Sources */ = {isa = PBXBuildFile; fileRef = D2B3D3251E0BD3F300FF4EE2 /* MJRefreshAutoGifFooter.m */; };
		D2B3D3481E0BD3F300FF4EE2 /* MJRefreshAutoNormalFooter.m in Sources */ = {isa = PBXBuildFile; fileRef = D2B3D3271E0BD3F300FF4EE2 /* MJRefreshAutoNormalFooter.m */; };
		D2B3D3491E0BD3F300FF4EE2 /* MJRefreshAutoStateFooter.m in Sources */ = {isa = PBXBuildFile; fileRef = D2B3D3291E0BD3F300FF4EE2 /* MJRefreshAutoStateFooter.m */; };
		D2B3D34A1E0BD3F300FF4EE2 /* MJRefreshBackGifFooter.m in Sources */ = {isa = PBXBuildFile; fileRef = D2B3D32C1E0BD3F300FF4EE2 /* MJRefreshBackGifFooter.m */; };
		D2B3D34B1E0BD3F300FF4EE2 /* MJRefreshBackNormalFooter.m in Sources */ = {isa = PBXBuildFile; fileRef = D2B3D32E1E0BD3F300FF4EE2 /* MJRefreshBackNormalFooter.m */; };
		D2B3D34C1E0BD3F300FF4EE2 /* MJRefreshBackStateFooter.m in Sources */ = {isa = PBXBuildFile; fileRef = D2B3D3301E0BD3F300FF4EE2 /* MJRefreshBackStateFooter.m */; };
		D2B3D34D1E0BD3F300FF4EE2 /* MJRefreshGifHeader.m in Sources */ = {isa = PBXBuildFile; fileRef = D2B3D3331E0BD3F300FF4EE2 /* MJRefreshGifHeader.m */; };
		D2B3D34E1E0BD3F300FF4EE2 /* MJRefreshNormalHeader.m in Sources */ = {isa = PBXBuildFile; fileRef = D2B3D3351E0BD3F300FF4EE2 /* MJRefreshNormalHeader.m */; };
		D2B3D34F1E0BD3F300FF4EE2 /* MJRefreshStateHeader.m in Sources */ = {isa = PBXBuildFile; fileRef = D2B3D3371E0BD3F300FF4EE2 /* MJRefreshStateHeader.m */; };
		D2B3D3501E0BD3F300FF4EE2 /* MJRefresh.bundle in Resources */ = {isa = PBXBuildFile; fileRef = D2B3D3381E0BD3F300FF4EE2 /* MJRefresh.bundle */; };
		D2B3D3511E0BD3F300FF4EE2 /* MJRefreshConst.m in Sources */ = {isa = PBXBuildFile; fileRef = D2B3D33B1E0BD3F300FF4EE2 /* MJRefreshConst.m */; };
		D2B3D3521E0BD3F300FF4EE2 /* UIScrollView+MJExtension.m in Sources */ = {isa = PBXBuildFile; fileRef = D2B3D33D1E0BD3F300FF4EE2 /* UIScrollView+MJExtension.m */; };
		D2B3D3531E0BD3F300FF4EE2 /* UIScrollView+MJRefresh.m in Sources */ = {isa = PBXBuildFile; fileRef = D2B3D33F1E0BD3F300FF4EE2 /* UIScrollView+MJRefresh.m */; };
		D2B3D3541E0BD3F300FF4EE2 /* UIView+MJExtension.m in Sources */ = {isa = PBXBuildFile; fileRef = D2B3D3411E0BD3F300FF4EE2 /* UIView+MJExtension.m */; };
		D2B3D3581E0BD43000FF4EE2 /* UIScrollView+JYPaging.m in Sources */ = {isa = PBXBuildFile; fileRef = D2B3D3571E0BD43000FF4EE2 /* UIScrollView+JYPaging.m */; };
		D2B3D35B1E0BD49200FF4EE2 /* NextViewController.m in Sources */ = {isa = PBXBuildFile; fileRef = D2B3D35A1E0BD49200FF4EE2 /* NextViewController.m */; };
		D2B3D3611E0BD6C400FF4EE2 /* UITableView+Category.m in Sources */ = {isa = PBXBuildFile; fileRef = D2B3D3601E0BD6C400FF4EE2 /* UITableView+Category.m */; };
		D2B3D3671E0BDE1F00FF4EE2 /* image2.png in Resources */ = {isa = PBXBuildFile; fileRef = D2B3D3661E0BDE1F00FF4EE2 /* image2.png */; };
/* End PBXBuildFile section */

/* Begin PBXContainerItemProxy section */
		D26CCBB61E03CA7D0059E1B9 /* PBXContainerItemProxy */ = {
			isa = PBXContainerItemProxy;
			containerPortal = D26CCB941E03CA7D0059E1B9 /* Project object */;
			proxyType = 1;
			remoteGlobalIDString = D26CCB9B1E03CA7D0059E1B9;
			remoteInfo = "导航栏颜色渐变";
		};
		D26CCBC11E03CA7D0059E1B9 /* PBXContainerItemProxy */ = {
			isa = PBXContainerItemProxy;
			containerPortal = D26CCB941E03CA7D0059E1B9 /* Project object */;
			proxyType = 1;
			remoteGlobalIDString = D26CCB9B1E03CA7D0059E1B9;
			remoteInfo = "导航栏颜色渐变";
		};
/* End PBXContainerItemProxy section */

/* Begin PBXFileReference section */
		D20001501E08FF2E000124E3 /* SecondViewController.h */ = {isa = PBXFileReference; fileEncoding = 4; lastKnownFileType = sourcecode.c.h; path = SecondViewController.h; sourceTree = "<group>"; };
		D20001511E08FF2E000124E3 /* SecondViewController.m */ = {isa = PBXFileReference; fileEncoding = 4; lastKnownFileType = sourcecode.c.objc; path = SecondViewController.m; sourceTree = "<group>"; };
		D26CCB9C1E03CA7D0059E1B9 /* 导航栏颜色渐变.app */ = {isa = PBXFileReference; explicitFileType = wrapper.application; includeInIndex = 0; path = "导航栏颜色渐变.app"; sourceTree = BUILT_PRODUCTS_DIR; };
		D26CCBA01E03CA7D0059E1B9 /* main.m */ = {isa = PBXFileReference; lastKnownFileType = sourcecode.c.objc; path = main.m; sourceTree = "<group>"; };
		D26CCBA21E03CA7D0059E1B9 /* AppDelegate.h */ = {isa = PBXFileReference; lastKnownFileType = sourcecode.c.h; path = AppDelegate.h; sourceTree = "<group>"; };
		D26CCBA31E03CA7D0059E1B9 /* AppDelegate.m */ = {isa = PBXFileReference; lastKnownFileType = sourcecode.c.objc; path = AppDelegate.m; sourceTree = "<group>"; };
		D26CCBA51E03CA7D0059E1B9 /* ViewController.h */ = {isa = PBXFileReference; lastKnownFileType = sourcecode.c.h; path = ViewController.h; sourceTree = "<group>"; };
		D26CCBA61E03CA7D0059E1B9 /* ViewController.m */ = {isa = PBXFileReference; lastKnownFileType = sourcecode.c.objc; path = ViewController.m; sourceTree = "<group>"; };
		D26CCBA91E03CA7D0059E1B9 /* Base */ = {isa = PBXFileReference; lastKnownFileType = file.storyboard; name = Base; path = Base.lproj/Main.storyboard; sourceTree = "<group>"; };
		D26CCBAB1E03CA7D0059E1B9 /* Assets.xcassets */ = {isa = PBXFileReference; lastKnownFileType = folder.assetcatalog; path = Assets.xcassets; sourceTree = "<group>"; };
		D26CCBAE1E03CA7D0059E1B9 /* Base */ = {isa = PBXFileReference; lastKnownFileType = file.storyboard; name = Base; path = Base.lproj/LaunchScreen.storyboard; sourceTree = "<group>"; };
		D26CCBB01E03CA7D0059E1B9 /* Info.plist */ = {isa = PBXFileReference; lastKnownFileType = text.plist.xml; path = Info.plist; sourceTree = "<group>"; };
		D26CCBB51E03CA7D0059E1B9 /* 导航栏颜色渐变Tests.xctest */ = {isa = PBXFileReference; explicitFileType = wrapper.cfbundle; includeInIndex = 0; path = "导航栏颜色渐变Tests.xctest"; sourceTree = BUILT_PRODUCTS_DIR; };
		D26CCBB91E03CA7D0059E1B9 /* _______Tests.m */ = {isa = PBXFileReference; lastKnownFileType = sourcecode.c.objc; path = "_______Tests.m"; sourceTree = "<group>"; };
		D26CCBBB1E03CA7D0059E1B9 /* Info.plist */ = {isa = PBXFileReference; lastKnownFileType = text.plist.xml; path = Info.plist; sourceTree = "<group>"; };
		D26CCBC01E03CA7D0059E1B9 /* 导航栏颜色渐变UITests.xctest */ = {isa = PBXFileReference; explicitFileType = wrapper.cfbundle; includeInIndex = 0; path = "导航栏颜色渐变UITests.xctest"; sourceTree = BUILT_PRODUCTS_DIR; };
		D26CCBC41E03CA7D0059E1B9 /* _______UITests.m */ = {isa = PBXFileReference; lastKnownFileType = sourcecode.c.objc; path = "_______UITests.m"; sourceTree = "<group>"; };
		D26CCBC61E03CA7D0059E1B9 /* Info.plist */ = {isa = PBXFileReference; lastKnownFileType = text.plist.xml; path = Info.plist; sourceTree = "<group>"; };
		D29F21C41E091207000F6948 /* TableViewCell.h */ = {isa = PBXFileReference; fileEncoding = 4; lastKnownFileType = sourcecode.c.h; path = TableViewCell.h; sourceTree = "<group>"; };
		D29F21C51E091207000F6948 /* TableViewCell.m */ = {isa = PBXFileReference; fileEncoding = 4; lastKnownFileType = sourcecode.c.objc; path = TableViewCell.m; sourceTree = "<group>"; };
		D29F21C61E091207000F6948 /* TableViewCell.xib */ = {isa = PBXFileReference; fileEncoding = 4; lastKnownFileType = file.xib; path = TableViewCell.xib; sourceTree = "<group>"; };
		D2B3D3051E0BD3C800FF4EE2 /* arrow@2x.png */ = {isa = PBXFileReference; lastKnownFileType = image.png; path = "arrow@2x.png"; sourceTree = "<group>"; };
		D2B3D3061E0BD3C800FF4EE2 /* head.png */ = {isa = PBXFileReference; lastKnownFileType = image.png; path = head.png; sourceTree = "<group>"; };
		D2B3D3071E0BD3C800FF4EE2 /* image1.png */ = {isa = PBXFileReference; lastKnownFileType = image.png; path = image1.png; sourceTree = "<group>"; };
		D2B3D3091E0BD3C800FF4EE2 /* nextimage1.png */ = {isa = PBXFileReference; lastKnownFileType = image.png; path = nextimage1.png; sourceTree = "<group>"; };
		D2B3D30A1E0BD3C800FF4EE2 /* nextimage2.png */ = {isa = PBXFileReference; lastKnownFileType = image.png; path = nextimage2.png; sourceTree = "<group>"; };
		D2B3D30B1E0BD3C800FF4EE2 /* nextimage3.png */ = {isa = PBXFileReference; lastKnownFileType = image.png; path = nextimage3.png; sourceTree = "<group>"; };
		D2B3D30C1E0BD3C800FF4EE2 /* presentimage.png */ = {isa = PBXFileReference; lastKnownFileType = image.png; path = presentimage.png; sourceTree = "<group>"; };
		D2B3D3171E0BD3F300FF4EE2 /* MJRefreshAutoFooter.h */ = {isa = PBXFileReference; fileEncoding = 4; lastKnownFileType = sourcecode.c.h; path = MJRefreshAutoFooter.h; sourceTree = "<group>"; };
		D2B3D3181E0BD3F300FF4EE2 /* MJRefreshAutoFooter.m */ = {isa = PBXFileReference; fileEncoding = 4; lastKnownFileType = sourcecode.c.objc; path = MJRefreshAutoFooter.m; sourceTree = "<group>"; };
		D2B3D3191E0BD3F300FF4EE2 /* MJRefreshBackFooter.h */ = {isa = PBXFileReference; fileEncoding = 4; lastKnownFileType = sourcecode.c.h; path = MJRefreshBackFooter.h; sourceTree = "<group>"; };
		D2B3D31A1E0BD3F300FF4EE2 /* MJRefreshBackFooter.m */ = {isa = PBXFileReference; fileEncoding = 4; lastKnownFileType = sourcecode.c.objc; path = MJRefreshBackFooter.m; sourceTree = "<group>"; };
		D2B3D31B1E0BD3F300FF4EE2 /* MJRefreshComponent.h */ = {isa = PBXFileReference; fileEncoding = 4; lastKnownFileType = sourcecode.c.h; path = MJRefreshComponent.h; sourceTree = "<group>"; };
		D2B3D31C1E0BD3F300FF4EE2 /* MJRefreshComponent.m */ = {isa = PBXFileReference; fileEncoding = 4; lastKnownFileType = sourcecode.c.objc; path = MJRefreshComponent.m; sourceTree = "<group>"; };
		D2B3D31D1E0BD3F300FF4EE2 /* MJRefreshFooter.h */ = {isa = PBXFileReference; fileEncoding = 4; lastKnownFileType = sourcecode.c.h; path = MJRefreshFooter.h; sourceTree = "<group>"; };
		D2B3D31E1E0BD3F300FF4EE2 /* MJRefreshFooter.m */ = {isa = PBXFileReference; fileEncoding = 4; lastKnownFileType = sourcecode.c.objc; path = MJRefreshFooter.m; sourceTree = "<group>"; };
		D2B3D31F1E0BD3F300FF4EE2 /* MJRefreshHeader.h */ = {isa = PBXFileReference; fileEncoding = 4; lastKnownFileType = sourcecode.c.h; path = MJRefreshHeader.h; sourceTree = "<group>"; };
		D2B3D3201E0BD3F300FF4EE2 /* MJRefreshHeader.m */ = {isa = PBXFileReference; fileEncoding = 4; lastKnownFileType = sourcecode.c.objc; path = MJRefreshHeader.m; sourceTree = "<group>"; };
		D2B3D3241E0BD3F300FF4EE2 /* MJRefreshAutoGifFooter.h */ = {isa = PBXFileReference; fileEncoding = 4; lastKnownFileType = sourcecode.c.h; path = MJRefreshAutoGifFooter.h; sourceTree = "<group>"; };
		D2B3D3251E0BD3F300FF4EE2 /* MJRefreshAutoGifFooter.m */ = {isa = PBXFileReference; fileEncoding = 4; lastKnownFileType = sourcecode.c.objc; path = MJRefreshAutoGifFooter.m; sourceTree = "<group>"; };
		D2B3D3261E0BD3F300FF4EE2 /* MJRefreshAutoNormalFooter.h */ = {isa = PBXFileReference; fileEncoding = 4; lastKnownFileType = sourcecode.c.h; path = MJRefreshAutoNormalFooter.h; sourceTree = "<group>"; };
		D2B3D3271E0BD3F300FF4EE2 /* MJRefreshAutoNormalFooter.m */ = {isa = PBXFileReference; fileEncoding = 4; lastKnownFileType = sourcecode.c.objc; path = MJRefreshAutoNormalFooter.m; sourceTree = "<group>"; };
		D2B3D3281E0BD3F300FF4EE2 /* MJRefreshAutoStateFooter.h */ = {isa = PBXFileReference; fileEncoding = 4; lastKnownFileType = sourcecode.c.h; path = MJRefreshAutoStateFooter.h; sourceTree = "<group>"; };
		D2B3D3291E0BD3F300FF4EE2 /* MJRefreshAutoStateFooter.m */ = {isa = PBXFileReference; fileEncoding = 4; lastKnownFileType = sourcecode.c.objc; path = MJRefreshAutoStateFooter.m; sourceTree = "<group>"; };
		D2B3D32B1E0BD3F300FF4EE2 /* MJRefreshBackGifFooter.h */ = {isa = PBXFileReference; fileEncoding = 4; lastKnownFileType = sourcecode.c.h; path = MJRefreshBackGifFooter.h; sourceTree = "<group>"; };
		D2B3D32C1E0BD3F300FF4EE2 /* MJRefreshBackGifFooter.m */ = {isa = PBXFileReference; fileEncoding = 4; lastKnownFileType = sourcecode.c.objc; path = MJRefreshBackGifFooter.m; sourceTree = "<group>"; };
		D2B3D32D1E0BD3F300FF4EE2 /* MJRefreshBackNormalFooter.h */ = {isa = PBXFileReference; fileEncoding = 4; lastKnownFileType = sourcecode.c.h; path = MJRefreshBackNormalFooter.h; sourceTree = "<group>"; };
		D2B3D32E1E0BD3F300FF4EE2 /* MJRefreshBackNormalFooter.m */ = {isa = PBXFileReference; fileEncoding = 4; lastKnownFileType = sourcecode.c.objc; path = MJRefreshBackNormalFooter.m; sourceTree = "<group>"; };
		D2B3D32F1E0BD3F300FF4EE2 /* MJRefreshBackStateFooter.h */ = {isa = PBXFileReference; fileEncoding = 4; lastKnownFileType = sourcecode.c.h; path = MJRefreshBackStateFooter.h; sourceTree = "<group>"; };
		D2B3D3301E0BD3F300FF4EE2 /* MJRefreshBackStateFooter.m */ = {isa = PBXFileReference; fileEncoding = 4; lastKnownFileType = sourcecode.c.objc; path = MJRefreshBackStateFooter.m; sourceTree = "<group>"; };
		D2B3D3321E0BD3F300FF4EE2 /* MJRefreshGifHeader.h */ = {isa = PBXFileReference; fileEncoding = 4; lastKnownFileType = sourcecode.c.h; path = MJRefreshGifHeader.h; sourceTree = "<group>"; };
		D2B3D3331E0BD3F300FF4EE2 /* MJRefreshGifHeader.m */ = {isa = PBXFileReference; fileEncoding = 4; lastKnownFileType = sourcecode.c.objc; path = MJRefreshGifHeader.m; sourceTree = "<group>"; };
		D2B3D3341E0BD3F300FF4EE2 /* MJRefreshNormalHeader.h */ = {isa = PBXFileReference; fileEncoding = 4; lastKnownFileType = sourcecode.c.h; path = MJRefreshNormalHeader.h; sourceTree = "<group>"; };
		D2B3D3351E0BD3F300FF4EE2 /* MJRefreshNormalHeader.m */ = {isa = PBXFileReference; fileEncoding = 4; lastKnownFileType = sourcecode.c.objc; path = MJRefreshNormalHeader.m; sourceTree = "<group>"; };
		D2B3D3361E0BD3F300FF4EE2 /* MJRefreshStateHeader.h */ = {isa = PBXFileReference; fileEncoding = 4; lastKnownFileType = sourcecode.c.h; path = MJRefreshStateHeader.h; sourceTree = "<group>"; };
		D2B3D3371E0BD3F300FF4EE2 /* MJRefreshStateHeader.m */ = {isa = PBXFileReference; fileEncoding = 4; lastKnownFileType = sourcecode.c.objc; path = MJRefreshStateHeader.m; sourceTree = "<group>"; };
		D2B3D3381E0BD3F300FF4EE2 /* MJRefresh.bundle */ = {isa = PBXFileReference; lastKnownFileType = "wrapper.plug-in"; path = MJRefresh.bundle; sourceTree = "<group>"; };
		D2B3D3391E0BD3F300FF4EE2 /* MJRefresh.h */ = {isa = PBXFileReference; fileEncoding = 4; lastKnownFileType = sourcecode.c.h; path = MJRefresh.h; sourceTree = "<group>"; };
		D2B3D33A1E0BD3F300FF4EE2 /* MJRefreshConst.h */ = {isa = PBXFileReference; fileEncoding = 4; lastKnownFileType = sourcecode.c.h; path = MJRefreshConst.h; sourceTree = "<group>"; };
		D2B3D33B1E0BD3F300FF4EE2 /* MJRefreshConst.m */ = {isa = PBXFileReference; fileEncoding = 4; lastKnownFileType = sourcecode.c.objc; path = MJRefreshConst.m; sourceTree = "<group>"; };
		D2B3D33C1E0BD3F300FF4EE2 /* UIScrollView+MJExtension.h */ = {isa = PBXFileReference; fileEncoding = 4; lastKnownFileType = sourcecode.c.h; path = "UIScrollView+MJExtension.h"; sourceTree = "<group>"; };
		D2B3D33D1E0BD3F300FF4EE2 /* UIScrollView+MJExtension.m */ = {isa = PBXFileReference; fileEncoding = 4; lastKnownFileType = sourcecode.c.objc; path = "UIScrollView+MJExtension.m"; sourceTree = "<group>"; };
		D2B3D33E1E0BD3F300FF4EE2 /* UIScrollView+MJRefresh.h */ = {isa = PBXFileReference; fileEncoding = 4; lastKnownFileType = sourcecode.c.h; path = "UIScrollView+MJRefresh.h"; sourceTree = "<group>"; };
		D2B3D33F1E0BD3F300FF4EE2 /* UIScrollView+MJRefresh.m */ = {isa = PBXFileReference; fileEncoding = 4; lastKnownFileType = sourcecode.c.objc; path = "UIScrollView+MJRefresh.m"; sourceTree = "<group>"; };
		D2B3D3401E0BD3F300FF4EE2 /* UIView+MJExtension.h */ = {isa = PBXFileReference; fileEncoding = 4; lastKnownFileType = sourcecode.c.h; path = "UIView+MJExtension.h"; sourceTree = "<group>"; };
		D2B3D3411E0BD3F300FF4EE2 /* UIView+MJExtension.m */ = {isa = PBXFileReference; fileEncoding = 4; lastKnownFileType = sourcecode.c.objc; path = "UIView+MJExtension.m"; sourceTree = "<group>"; };
		D2B3D3561E0BD43000FF4EE2 /* UIScrollView+JYPaging.h */ = {isa = PBXFileReference; fileEncoding = 4; lastKnownFileType = sourcecode.c.h; path = "UIScrollView+JYPaging.h"; sourceTree = "<group>"; };
		D2B3D3571E0BD43000FF4EE2 /* UIScrollView+JYPaging.m */ = {isa = PBXFileReference; fileEncoding = 4; lastKnownFileType = sourcecode.c.objc; path = "UIScrollView+JYPaging.m"; sourceTree = "<group>"; };
		D2B3D3591E0BD49200FF4EE2 /* NextViewController.h */ = {isa = PBXFileReference; fileEncoding = 4; lastKnownFileType = sourcecode.c.h; path = NextViewController.h; sourceTree = "<group>"; };
		D2B3D35A1E0BD49200FF4EE2 /* NextViewController.m */ = {isa = PBXFileReference; fileEncoding = 4; lastKnownFileType = sourcecode.c.objc; path = NextViewController.m; sourceTree = "<group>"; };
		D2B3D35F1E0BD6C400FF4EE2 /* UITableView+Category.h */ = {isa = PBXFileReference; fileEncoding = 4; lastKnownFileType = sourcecode.c.h; path = "UITableView+Category.h"; sourceTree = "<group>"; };
		D2B3D3601E0BD6C400FF4EE2 /* UITableView+Category.m */ = {isa = PBXFileReference; fileEncoding = 4; lastKnownFileType = sourcecode.c.objc; path = "UITableView+Category.m"; sourceTree = "<group>"; };
		D2B3D3661E0BDE1F00FF4EE2 /* image2.png */ = {isa = PBXFileReference; lastKnownFileType = image.png; path = image2.png; sourceTree = "<group>"; };
/* End PBXFileReference section */

/* Begin PBXFrameworksBuildPhase section */
		D26CCB991E03CA7D0059E1B9 /* Frameworks */ = {
			isa = PBXFrameworksBuildPhase;
			buildActionMask = 2147483647;
			files = (
			);
			runOnlyForDeploymentPostprocessing = 0;
		};
		D26CCBB21E03CA7D0059E1B9 /* Frameworks */ = {
			isa = PBXFrameworksBuildPhase;
			buildActionMask = 2147483647;
			files = (
			);
			runOnlyForDeploymentPostprocessing = 0;
		};
		D26CCBBD1E03CA7D0059E1B9 /* Frameworks */ = {
			isa = PBXFrameworksBuildPhase;
			buildActionMask = 2147483647;
			files = (
			);
			runOnlyForDeploymentPostprocessing = 0;
		};
/* End PBXFrameworksBuildPhase section */

/* Begin PBXGroup section */
		D26CCB931E03CA7D0059E1B9 = {
			isa = PBXGroup;
			children = (
				D26CCB9E1E03CA7D0059E1B9 /* 导航栏颜色渐变 */,
				D26CCBB81E03CA7D0059E1B9 /* 导航栏颜色渐变Tests */,
				D26CCBC31E03CA7D0059E1B9 /* 导航栏颜色渐变UITests */,
				D26CCB9D1E03CA7D0059E1B9 /* Products */,
			);
			sourceTree = "<group>";
		};
		D26CCB9D1E03CA7D0059E1B9 /* Products */ = {
			isa = PBXGroup;
			children = (
				D26CCB9C1E03CA7D0059E1B9 /* 导航栏颜色渐变.app */,
				D26CCBB51E03CA7D0059E1B9 /* 导航栏颜色渐变Tests.xctest */,
				D26CCBC01E03CA7D0059E1B9 /* 导航栏颜色渐变UITests.xctest */,
			);
			name = Products;
			sourceTree = "<group>";
		};
		D26CCB9E1E03CA7D0059E1B9 /* 导航栏颜色渐变 */ = {
			isa = PBXGroup;
			children = (
				D26CCBA21E03CA7D0059E1B9 /* AppDelegate.h */,
				D26CCBA31E03CA7D0059E1B9 /* AppDelegate.m */,
				D26CCBA51E03CA7D0059E1B9 /* ViewController.h */,
				D26CCBA61E03CA7D0059E1B9 /* ViewController.m */,
				D29F21C41E091207000F6948 /* TableViewCell.h */,
				D29F21C51E091207000F6948 /* TableViewCell.m */,
				D29F21C61E091207000F6948 /* TableViewCell.xib */,
				D20001501E08FF2E000124E3 /* SecondViewController.h */,
				D20001511E08FF2E000124E3 /* SecondViewController.m */,
				D2B3D3591E0BD49200FF4EE2 /* NextViewController.h */,
				D2B3D35A1E0BD49200FF4EE2 /* NextViewController.m */,
				D2B3D35F1E0BD6C400FF4EE2 /* UITableView+Category.h */,
				D2B3D3601E0BD6C400FF4EE2 /* UITableView+Category.m */,
				D2B3D3551E0BD43000FF4EE2 /* Paging */,
				D2B3D3151E0BD3F300FF4EE2 /* MJRefresh */,
				D2B3D3041E0BD3C800FF4EE2 /* sources */,
				D26CCBA81E03CA7D0059E1B9 /* Main.storyboard */,
				D26CCBAB1E03CA7D0059E1B9 /* Assets.xcassets */,
				D26CCBAD1E03CA7D0059E1B9 /* LaunchScreen.storyboard */,
				D26CCBB01E03CA7D0059E1B9 /* Info.plist */,
				D26CCB9F1E03CA7D0059E1B9 /* Supporting Files */,
			);
			path = "导航栏颜色渐变";
			sourceTree = "<group>";
		};
		D26CCB9F1E03CA7D0059E1B9 /* Supporting Files */ = {
			isa = PBXGroup;
			children = (
				D26CCBA01E03CA7D0059E1B9 /* main.m */,
			);
			name = "Supporting Files";
			sourceTree = "<group>";
		};
		D26CCBB81E03CA7D0059E1B9 /* 导航栏颜色渐变Tests */ = {
			isa = PBXGroup;
			children = (
				D26CCBB91E03CA7D0059E1B9 /* _______Tests.m */,
				D26CCBBB1E03CA7D0059E1B9 /* Info.plist */,
			);
			path = "导航栏颜色渐变Tests";
			sourceTree = "<group>";
		};
		D26CCBC31E03CA7D0059E1B9 /* 导航栏颜色渐变UITests */ = {
			isa = PBXGroup;
			children = (
				D26CCBC41E03CA7D0059E1B9 /* _______UITests.m */,
				D26CCBC61E03CA7D0059E1B9 /* Info.plist */,
			);
			path = "导航栏颜色渐变UITests";
			sourceTree = "<group>";
		};
		D2B3D3041E0BD3C800FF4EE2 /* sources */ = {
			isa = PBXGroup;
			children = (
				D2B3D3051E0BD3C800FF4EE2 /* arrow@2x.png */,
				D2B3D3061E0BD3C800FF4EE2 /* head.png */,
				D2B3D3071E0BD3C800FF4EE2 /* image1.png */,
				D2B3D3661E0BDE1F00FF4EE2 /* image2.png */,
				D2B3D3091E0BD3C800FF4EE2 /* nextimage1.png */,
				D2B3D30A1E0BD3C800FF4EE2 /* nextimage2.png */,
				D2B3D30B1E0BD3C800FF4EE2 /* nextimage3.png */,
				D2B3D30C1E0BD3C800FF4EE2 /* presentimage.png */,
			);
			path = sources;
			sourceTree = "<group>";
		};
		D2B3D3151E0BD3F300FF4EE2 /* MJRefresh */ = {
			isa = PBXGroup;
			children = (
				D2B3D3161E0BD3F300FF4EE2 /* Base */,
				D2B3D3211E0BD3F300FF4EE2 /* Custom */,
				D2B3D3381E0BD3F300FF4EE2 /* MJRefresh.bundle */,
				D2B3D3391E0BD3F300FF4EE2 /* MJRefresh.h */,
				D2B3D33A1E0BD3F300FF4EE2 /* MJRefreshConst.h */,
				D2B3D33B1E0BD3F300FF4EE2 /* MJRefreshConst.m */,
				D2B3D33C1E0BD3F300FF4EE2 /* UIScrollView+MJExtension.h */,
				D2B3D33D1E0BD3F300FF4EE2 /* UIScrollView+MJExtension.m */,
				D2B3D33E1E0BD3F300FF4EE2 /* UIScrollView+MJRefresh.h */,
				D2B3D33F1E0BD3F300FF4EE2 /* UIScrollView+MJRefresh.m */,
				D2B3D3401E0BD3F300FF4EE2 /* UIView+MJExtension.h */,
				D2B3D3411E0BD3F300FF4EE2 /* UIView+MJExtension.m */,
			);
			path = MJRefresh;
			sourceTree = "<group>";
		};
		D2B3D3161E0BD3F300FF4EE2 /* Base */ = {
			isa = PBXGroup;
			children = (
				D2B3D3171E0BD3F300FF4EE2 /* MJRefreshAutoFooter.h */,
				D2B3D3181E0BD3F300FF4EE2 /* MJRefreshAutoFooter.m */,
				D2B3D3191E0BD3F300FF4EE2 /* MJRefreshBackFooter.h */,
				D2B3D31A1E0BD3F300FF4EE2 /* MJRefreshBackFooter.m */,
				D2B3D31B1E0BD3F300FF4EE2 /* MJRefreshComponent.h */,
				D2B3D31C1E0BD3F300FF4EE2 /* MJRefreshComponent.m */,
				D2B3D31D1E0BD3F300FF4EE2 /* MJRefreshFooter.h */,
				D2B3D31E1E0BD3F300FF4EE2 /* MJRefreshFooter.m */,
				D2B3D31F1E0BD3F300FF4EE2 /* MJRefreshHeader.h */,
				D2B3D3201E0BD3F300FF4EE2 /* MJRefreshHeader.m */,
			);
			path = Base;
			sourceTree = "<group>";
		};
		D2B3D3211E0BD3F300FF4EE2 /* Custom */ = {
			isa = PBXGroup;
			children = (
				D2B3D3221E0BD3F300FF4EE2 /* Footer */,
				D2B3D3311E0BD3F300FF4EE2 /* Header */,
			);
			path = Custom;
			sourceTree = "<group>";
		};
		D2B3D3221E0BD3F300FF4EE2 /* Footer */ = {
			isa = PBXGroup;
			children = (
				D2B3D3231E0BD3F300FF4EE2 /* Auto */,
				D2B3D32A1E0BD3F300FF4EE2 /* Back */,
			);
			path = Footer;
			sourceTree = "<group>";
		};
		D2B3D3231E0BD3F300FF4EE2 /* Auto */ = {
			isa = PBXGroup;
			children = (
				D2B3D3241E0BD3F300FF4EE2 /* MJRefreshAutoGifFooter.h */,
				D2B3D3251E0BD3F300FF4EE2 /* MJRefreshAutoGifFooter.m */,
				D2B3D3261E0BD3F300FF4EE2 /* MJRefreshAutoNormalFooter.h */,
				D2B3D3271E0BD3F300FF4EE2 /* MJRefreshAutoNormalFooter.m */,
				D2B3D3281E0BD3F300FF4EE2 /* MJRefreshAutoStateFooter.h */,
				D2B3D3291E0BD3F300FF4EE2 /* MJRefreshAutoStateFooter.m */,
			);
			path = Auto;
			sourceTree = "<group>";
		};
		D2B3D32A1E0BD3F300FF4EE2 /* Back */ = {
			isa = PBXGroup;
			children = (
				D2B3D32B1E0BD3F300FF4EE2 /* MJRefreshBackGifFooter.h */,
				D2B3D32C1E0BD3F300FF4EE2 /* MJRefreshBackGifFooter.m */,
				D2B3D32D1E0BD3F300FF4EE2 /* MJRefreshBackNormalFooter.h */,
				D2B3D32E1E0BD3F300FF4EE2 /* MJRefreshBackNormalFooter.m */,
				D2B3D32F1E0BD3F300FF4EE2 /* MJRefreshBackStateFooter.h */,
				D2B3D3301E0BD3F300FF4EE2 /* MJRefreshBackStateFooter.m */,
			);
			path = Back;
			sourceTree = "<group>";
		};
		D2B3D3311E0BD3F300FF4EE2 /* Header */ = {
			isa = PBXGroup;
			children = (
				D2B3D3321E0BD3F300FF4EE2 /* MJRefreshGifHeader.h */,
				D2B3D3331E0BD3F300FF4EE2 /* MJRefreshGifHeader.m */,
				D2B3D3341E0BD3F300FF4EE2 /* MJRefreshNormalHeader.h */,
				D2B3D3351E0BD3F300FF4EE2 /* MJRefreshNormalHeader.m */,
				D2B3D3361E0BD3F300FF4EE2 /* MJRefreshStateHeader.h */,
				D2B3D3371E0BD3F300FF4EE2 /* MJRefreshStateHeader.m */,
			);
			path = Header;
			sourceTree = "<group>";
		};
		D2B3D3551E0BD43000FF4EE2 /* Paging */ = {
			isa = PBXGroup;
			children = (
				D2B3D3561E0BD43000FF4EE2 /* UIScrollView+JYPaging.h */,
				D2B3D3571E0BD43000FF4EE2 /* UIScrollView+JYPaging.m */,
			);
			path = Paging;
			sourceTree = "<group>";
		};
/* End PBXGroup section */

/* Begin PBXNativeTarget section */
		D26CCB9B1E03CA7D0059E1B9 /* 导航栏颜色渐变 */ = {
			isa = PBXNativeTarget;
			buildConfigurationList = D26CCBC91E03CA7D0059E1B9 /* Build configuration list for PBXNativeTarget "导航栏颜色渐变" */;
			buildPhases = (
				D26CCB981E03CA7D0059E1B9 /* Sources */,
				D26CCB991E03CA7D0059E1B9 /* Frameworks */,
				D26CCB9A1E03CA7D0059E1B9 /* Resources */,
			);
			buildRules = (
			);
			dependencies = (
			);
			name = "导航栏颜色渐变";
			productName = "导航栏颜色渐变";
			productReference = D26CCB9C1E03CA7D0059E1B9 /* 导航栏颜色渐变.app */;
			productType = "com.apple.product-type.application";
		};
		D26CCBB41E03CA7D0059E1B9 /* 导航栏颜色渐变Tests */ = {
			isa = PBXNativeTarget;
			buildConfigurationList = D26CCBCC1E03CA7D0059E1B9 /* Build configuration list for PBXNativeTarget "导航栏颜色渐变Tests" */;
			buildPhases = (
				D26CCBB11E03CA7D0059E1B9 /* Sources */,
				D26CCBB21E03CA7D0059E1B9 /* Frameworks */,
				D26CCBB31E03CA7D0059E1B9 /* Resources */,
			);
			buildRules = (
			);
			dependencies = (
				D26CCBB71E03CA7D0059E1B9 /* PBXTargetDependency */,
			);
			name = "导航栏颜色渐变Tests";
			productName = "导航栏颜色渐变Tests";
			productReference = D26CCBB51E03CA7D0059E1B9 /* 导航栏颜色渐变Tests.xctest */;
			productType = "com.apple.product-type.bundle.unit-test";
		};
		D26CCBBF1E03CA7D0059E1B9 /* 导航栏颜色渐变UITests */ = {
			isa = PBXNativeTarget;
			buildConfigurationList = D26CCBCF1E03CA7D0059E1B9 /* Build configuration list for PBXNativeTarget "导航栏颜色渐变UITests" */;
			buildPhases = (
				D26CCBBC1E03CA7D0059E1B9 /* Sources */,
				D26CCBBD1E03CA7D0059E1B9 /* Frameworks */,
				D26CCBBE1E03CA7D0059E1B9 /* Resources */,
			);
			buildRules = (
			);
			dependencies = (
				D26CCBC21E03CA7D0059E1B9 /* PBXTargetDependency */,
			);
			name = "导航栏颜色渐变UITests";
			productName = "导航栏颜色渐变UITests";
			productReference = D26CCBC01E03CA7D0059E1B9 /* 导航栏颜色渐变UITests.xctest */;
			productType = "com.apple.product-type.bundle.ui-testing";
		};
/* End PBXNativeTarget section */

/* Begin PBXProject section */
		D26CCB941E03CA7D0059E1B9 /* Project object */ = {
			isa = PBXProject;
			attributes = {
				LastUpgradeCheck = 0810;
				ORGANIZATIONNAME = gocomtech;
				TargetAttributes = {
					D26CCB9B1E03CA7D0059E1B9 = {
						CreatedOnToolsVersion = 8.1;
						DevelopmentTeam = CYFB6JG5FT;
						ProvisioningStyle = Automatic;
					};
					D26CCBB41E03CA7D0059E1B9 = {
						CreatedOnToolsVersion = 8.1;
						ProvisioningStyle = Automatic;
						TestTargetID = D26CCB9B1E03CA7D0059E1B9;
					};
					D26CCBBF1E03CA7D0059E1B9 = {
						CreatedOnToolsVersion = 8.1;
						ProvisioningStyle = Automatic;
						TestTargetID = D26CCB9B1E03CA7D0059E1B9;
					};
				};
			};
			buildConfigurationList = D26CCB971E03CA7D0059E1B9 /* Build configuration list for PBXProject "导航栏颜色渐变" */;
			compatibilityVersion = "Xcode 3.2";
			developmentRegion = English;
			hasScannedForEncodings = 0;
			knownRegions = (
				en,
				Base,
			);
			mainGroup = D26CCB931E03CA7D0059E1B9;
			productRefGroup = D26CCB9D1E03CA7D0059E1B9 /* Products */;
			projectDirPath = "";
			projectRoot = "";
			targets = (
				D26CCB9B1E03CA7D0059E1B9 /* 导航栏颜色渐变 */,
				D26CCBB41E03CA7D0059E1B9 /* 导航栏颜色渐变Tests */,
				D26CCBBF1E03CA7D0059E1B9 /* 导航栏颜色渐变UITests */,
			);
		};
/* End PBXProject section */

/* Begin PBXResourcesBuildPhase section */
		D26CCB9A1E03CA7D0059E1B9 /* Resources */ = {
			isa = PBXResourcesBuildPhase;
			buildActionMask = 2147483647;
			files = (
				D2B3D30F1E0BD3C800FF4EE2 /* image1.png in Resources */,
				D29F21C81E091207000F6948 /* TableViewCell.xib in Resources */,
				D2B3D3111E0BD3C800FF4EE2 /* nextimage1.png in Resources */,
				D2B3D3671E0BDE1F00FF4EE2 /* image2.png in Resources */,
				D2B3D30D1E0BD3C800FF4EE2 /* arrow@2x.png in Resources */,
				D26CCBAF1E03CA7D0059E1B9 /* LaunchScreen.storyboard in Resources */,
				D26CCBAC1E03CA7D0059E1B9 /* Assets.xcassets in Resources */,
				D2B3D3501E0BD3F300FF4EE2 /* MJRefresh.bundle in Resources */,
				D2B3D3131E0BD3C800FF4EE2 /* nextimage3.png in Resources */,
				D2B3D3121E0BD3C800FF4EE2 /* nextimage2.png in Resources */,
				D26CCBAA1E03CA7D0059E1B9 /* Main.storyboard in Resources */,
				D2B3D30E1E0BD3C800FF4EE2 /* head.png in Resources */,
				D2B3D3141E0BD3C800FF4EE2 /* presentimage.png in Resources */,
			);
			runOnlyForDeploymentPostprocessing = 0;
		};
		D26CCBB31E03CA7D0059E1B9 /* Resources */ = {
			isa = PBXResourcesBuildPhase;
			buildActionMask = 2147483647;
			files = (
			);
			runOnlyForDeploymentPostprocessing = 0;
		};
		D26CCBBE1E03CA7D0059E1B9 /* Resources */ = {
			isa = PBXResourcesBuildPhase;
			buildActionMask = 2147483647;
			files = (
			);
			runOnlyForDeploymentPostprocessing = 0;
		};
/* End PBXResourcesBuildPhase section */

/* Begin PBXSourcesBuildPhase section */
		D26CCB981E03CA7D0059E1B9 /* Sources */ = {
			isa = PBXSourcesBuildPhase;
			buildActionMask = 2147483647;
			files = (
				D2B3D34E1E0BD3F300FF4EE2 /* MJRefreshNormalHeader.m in Sources */,
				D2B3D34F1E0BD3F300FF4EE2 /* MJRefreshStateHeader.m in Sources */,
				D2B3D34D1E0BD3F300FF4EE2 /* MJRefreshGifHeader.m in Sources */,
				D2B3D3541E0BD3F300FF4EE2 /* UIView+MJExtension.m in Sources */,
				D2B3D34B1E0BD3F300FF4EE2 /* MJRefreshBackNormalFooter.m in Sources */,
				D2B3D35B1E0BD49200FF4EE2 /* NextViewController.m in Sources */,
				D2B3D3511E0BD3F300FF4EE2 /* MJRefreshConst.m in Sources */,
				D2B3D3441E0BD3F300FF4EE2 /* MJRefreshComponent.m in Sources */,
				D2B3D3471E0BD3F300FF4EE2 /* MJRefreshAutoGifFooter.m in Sources */,
				D2B3D3431E0BD3F300FF4EE2 /* MJRefreshBackFooter.m in Sources */,
				D20001521E08FF2E000124E3 /* SecondViewController.m in Sources */,
				D2B3D3521E0BD3F300FF4EE2 /* UIScrollView+MJExtension.m in Sources */,
				D26CCBA71E03CA7D0059E1B9 /* ViewController.m in Sources */,
				D2B3D3481E0BD3F300FF4EE2 /* MJRefreshAutoNormalFooter.m in Sources */,
				D2B3D3531E0BD3F300FF4EE2 /* UIScrollView+MJRefresh.m in Sources */,
				D2B3D3581E0BD43000FF4EE2 /* UIScrollView+JYPaging.m in Sources */,
				D26CCBA41E03CA7D0059E1B9 /* AppDelegate.m in Sources */,
				D2B3D34A1E0BD3F300FF4EE2 /* MJRefreshBackGifFooter.m in Sources */,
				D2B3D3461E0BD3F300FF4EE2 /* MJRefreshHeader.m in Sources */,
				D2B3D3491E0BD3F300FF4EE2 /* MJRefreshAutoStateFooter.m in Sources */,
				D2B3D3451E0BD3F300FF4EE2 /* MJRefreshFooter.m in Sources */,
				D2B3D34C1E0BD3F300FF4EE2 /* MJRefreshBackStateFooter.m in Sources */,
				D29F21C71E091207000F6948 /* TableViewCell.m in Sources */,
				D2B3D3611E0BD6C400FF4EE2 /* UITableView+Category.m in Sources */,
				D2B3D3421E0BD3F300FF4EE2 /* MJRefreshAutoFooter.m in Sources */,
				D26CCBA11E03CA7D0059E1B9 /* main.m in Sources */,
			);
			runOnlyForDeploymentPostprocessing = 0;
		};
		D26CCBB11E03CA7D0059E1B9 /* Sources */ = {
			isa = PBXSourcesBuildPhase;
			buildActionMask = 2147483647;
			files = (
				D26CCBBA1E03CA7D0059E1B9 /* _______Tests.m in Sources */,
			);
			runOnlyForDeploymentPostprocessing = 0;
		};
		D26CCBBC1E03CA7D0059E1B9 /* Sources */ = {
			isa = PBXSourcesBuildPhase;
			buildActionMask = 2147483647;
			files = (
				D26CCBC51E03CA7D0059E1B9 /* _______UITests.m in Sources */,
			);
			runOnlyForDeploymentPostprocessing = 0;
		};
/* End PBXSourcesBuildPhase section */

/* Begin PBXTargetDependency section */
		D26CCBB71E03CA7D0059E1B9 /* PBXTargetDependency */ = {
			isa = PBXTargetDependency;
			target = D26CCB9B1E03CA7D0059E1B9 /* 导航栏颜色渐变 */;
			targetProxy = D26CCBB61E03CA7D0059E1B9 /* PBXContainerItemProxy */;
		};
		D26CCBC21E03CA7D0059E1B9 /* PBXTargetDependency */ = {
			isa = PBXTargetDependency;
			target = D26CCB9B1E03CA7D0059E1B9 /* 导航栏颜色渐变 */;
			targetProxy = D26CCBC11E03CA7D0059E1B9 /* PBXContainerItemProxy */;
		};
/* End PBXTargetDependency section */

/* Begin PBXVariantGroup section */
		D26CCBA81E03CA7D0059E1B9 /* Main.storyboard */ = {
			isa = PBXVariantGroup;
			children = (
				D26CCBA91E03CA7D0059E1B9 /* Base */,
			);
			name = Main.storyboard;
			sourceTree = "<group>";
		};
		D26CCBAD1E03CA7D0059E1B9 /* LaunchScreen.storyboard */ = {
			isa = PBXVariantGroup;
			children = (
				D26CCBAE1E03CA7D0059E1B9 /* Base */,
			);
			name = LaunchScreen.storyboard;
			sourceTree = "<group>";
		};
/* End PBXVariantGroup section */

/* Begin XCBuildConfiguration section */
		D26CCBC71E03CA7D0059E1B9 /* Debug */ = {
			isa = XCBuildConfiguration;
			buildSettings = {
				ALWAYS_SEARCH_USER_PATHS = NO;
				CLANG_ANALYZER_NONNULL = YES;
				CLANG_CXX_LANGUAGE_STANDARD = "gnu++0x";
				CLANG_CXX_LIBRARY = "libc++";
				CLANG_ENABLE_MODULES = YES;
				CLANG_ENABLE_OBJC_ARC = YES;
				CLANG_WARN_BOOL_CONVERSION = YES;
				CLANG_WARN_CONSTANT_CONVERSION = YES;
				CLANG_WARN_DIRECT_OBJC_ISA_USAGE = YES_ERROR;
				CLANG_WARN_DOCUMENTATION_COMMENTS = YES;
				CLANG_WARN_EMPTY_BODY = YES;
				CLANG_WARN_ENUM_CONVERSION = YES;
				CLANG_WARN_INFINITE_RECURSION = YES;
				CLANG_WARN_INT_CONVERSION = YES;
				CLANG_WARN_OBJC_ROOT_CLASS = YES_ERROR;
				CLANG_WARN_SUSPICIOUS_MOVES = YES;
				CLANG_WARN_UNREACHABLE_CODE = YES;
				CLANG_WARN__DUPLICATE_METHOD_MATCH = YES;
				"CODE_SIGN_IDENTITY[sdk=iphoneos*]" = "iPhone Developer";
				COPY_PHASE_STRIP = NO;
				DEBUG_INFORMATION_FORMAT = dwarf;
				ENABLE_STRICT_OBJC_MSGSEND = YES;
				ENABLE_TESTABILITY = YES;
				GCC_C_LANGUAGE_STANDARD = gnu99;
				GCC_DYNAMIC_NO_PIC = NO;
				GCC_NO_COMMON_BLOCKS = YES;
				GCC_OPTIMIZATION_LEVEL = 0;
				GCC_PREPROCESSOR_DEFINITIONS = (
					"DEBUG=1",
					"$(inherited)",
				);
				GCC_WARN_64_TO_32_BIT_CONVERSION = YES;
				GCC_WARN_ABOUT_RETURN_TYPE = YES_ERROR;
				GCC_WARN_UNDECLARED_SELECTOR = YES;
				GCC_WARN_UNINITIALIZED_AUTOS = YES_AGGRESSIVE;
				GCC_WARN_UNUSED_FUNCTION = YES;
				GCC_WARN_UNUSED_VARIABLE = YES;
				IPHONEOS_DEPLOYMENT_TARGET = 10.1;
				MTL_ENABLE_DEBUG_INFO = YES;
				ONLY_ACTIVE_ARCH = YES;
				SDKROOT = iphoneos;
			};
			name = Debug;
		};
		D26CCBC81E03CA7D0059E1B9 /* Release */ = {
			isa = XCBuildConfiguration;
			buildSettings = {
				ALWAYS_SEARCH_USER_PATHS = NO;
				CLANG_ANALYZER_NONNULL = YES;
				CLANG_CXX_LANGUAGE_STANDARD = "gnu++0x";
				CLANG_CXX_LIBRARY = "libc++";
				CLANG_ENABLE_MODULES = YES;
				CLANG_ENABLE_OBJC_ARC = YES;
				CLANG_WARN_BOOL_CONVERSION = YES;
				CLANG_WARN_CONSTANT_CONVERSION = YES;
				CLANG_WARN_DIRECT_OBJC_ISA_USAGE = YES_ERROR;
				CLANG_WARN_DOCUMENTATION_COMMENTS = YES;
				CLANG_WARN_EMPTY_BODY = YES;
				CLANG_WARN_ENUM_CONVERSION = YES;
				CLANG_WARN_INFINITE_RECURSION = YES;
				CLANG_WARN_INT_CONVERSION = YES;
				CLANG_WARN_OBJC_ROOT_CLASS = YES_ERROR;
				CLANG_WARN_SUSPICIOUS_MOVES = YES;
				CLANG_WARN_UNREACHABLE_CODE = YES;
				CLANG_WARN__DUPLICATE_METHOD_MATCH = YES;
				"CODE_SIGN_IDENTITY[sdk=iphoneos*]" = "iPhone Developer";
				COPY_PHASE_STRIP = NO;
				DEBUG_INFORMATION_FORMAT = "dwarf-with-dsym";
				ENABLE_NS_ASSERTIONS = NO;
				ENABLE_STRICT_OBJC_MSGSEND = YES;
				GCC_C_LANGUAGE_STANDARD = gnu99;
				GCC_NO_COMMON_BLOCKS = YES;
				GCC_WARN_64_TO_32_BIT_CONVERSION = YES;
				GCC_WARN_ABOUT_RETURN_TYPE = YES_ERROR;
				GCC_WARN_UNDECLARED_SELECTOR = YES;
				GCC_WARN_UNINITIALIZED_AUTOS = YES_AGGRESSIVE;
				GCC_WARN_UNUSED_FUNCTION = YES;
				GCC_WARN_UNUSED_VARIABLE = YES;
				IPHONEOS_DEPLOYMENT_TARGET = 10.1;
				MTL_ENABLE_DEBUG_INFO = NO;
				SDKROOT = iphoneos;
				VALIDATE_PRODUCT = YES;
			};
			name = Release;
		};
		D26CCBCA1E03CA7D0059E1B9 /* Debug */ = {
			isa = XCBuildConfiguration;
			buildSettings = {
				ASSETCATALOG_COMPILER_APPICON_NAME = AppIcon;
				DEVELOPMENT_TEAM = CYFB6JG5FT;
				INFOPLIST_FILE = "导航栏颜色渐变/Info.plist";
				IPHONEOS_DEPLOYMENT_TARGET = 8.0;
				LD_RUNPATH_SEARCH_PATHS = "$(inherited) @executable_path/Frameworks";
				PRODUCT_BUNDLE_IDENTIFIER = "com.smart.im.-------";
				PRODUCT_NAME = "$(TARGET_NAME)";
			};
			name = Debug;
		};
		D26CCBCB1E03CA7D0059E1B9 /* Release */ = {
			isa = XCBuildConfiguration;
			buildSettings = {
				ASSETCATALOG_COMPILER_APPICON_NAME = AppIcon;
				DEVELOPMENT_TEAM = CYFB6JG5FT;
				INFOPLIST_FILE = "导航栏颜色渐变/Info.plist";
				IPHONEOS_DEPLOYMENT_TARGET = 8.0;
				LD_RUNPATH_SEARCH_PATHS = "$(inherited) @executable_path/Frameworks";
				PRODUCT_BUNDLE_IDENTIFIER = "com.smart.im.-------";
				PRODUCT_NAME = "$(TARGET_NAME)";
			};
			name = Release;
		};
		D26CCBCD1E03CA7D0059E1B9 /* Debug */ = {
			isa = XCBuildConfiguration;
			buildSettings = {
				BUNDLE_LOADER = "$(TEST_HOST)";
				INFOPLIST_FILE = "导航栏颜色渐变Tests/Info.plist";
				LD_RUNPATH_SEARCH_PATHS = "$(inherited) @executable_path/Frameworks @loader_path/Frameworks";
				PRODUCT_BUNDLE_IDENTIFIER = "com.smart.im.-------Tests";
				PRODUCT_NAME = "$(TARGET_NAME)";
				TEST_HOST = "$(BUILT_PRODUCTS_DIR)/导航栏颜色渐变.app/导航栏颜色渐变";
			};
			name = Debug;
		};
		D26CCBCE1E03CA7D0059E1B9 /* Release */ = {
			isa = XCBuildConfiguration;
			buildSettings = {
				BUNDLE_LOADER = "$(TEST_HOST)";
				INFOPLIST_FILE = "导航栏颜色渐变Tests/Info.plist";
				LD_RUNPATH_SEARCH_PATHS = "$(inherited) @executable_path/Frameworks @loader_path/Frameworks";
				PRODUCT_BUNDLE_IDENTIFIER = "com.smart.im.-------Tests";
				PRODUCT_NAME = "$(TARGET_NAME)";
				TEST_HOST = "$(BUILT_PRODUCTS_DIR)/导航栏颜色渐变.app/导航栏颜色渐变";
			};
			name = Release;
		};
		D26CCBD01E03CA7D0059E1B9 /* Debug */ = {
			isa = XCBuildConfiguration;
			buildSettings = {
				INFOPLIST_FILE = "导航栏颜色渐变UITests/Info.plist";
				LD_RUNPATH_SEARCH_PATHS = "$(inherited) @executable_path/Frameworks @loader_path/Frameworks";
				PRODUCT_BUNDLE_IDENTIFIER = "com.smart.im.-------UITests";
				PRODUCT_NAME = "$(TARGET_NAME)";
				TEST_TARGET_NAME = "导航栏颜色渐变";
			};
			name = Debug;
		};
		D26CCBD11E03CA7D0059E1B9 /* Release */ = {
			isa = XCBuildConfiguration;
			buildSettings = {
				INFOPLIST_FILE = "导航栏颜色渐变UITests/Info.plist";
				LD_RUNPATH_SEARCH_PATHS = "$(inherited) @executable_path/Frameworks @loader_path/Frameworks";
				PRODUCT_BUNDLE_IDENTIFIER = "com.smart.im.-------UITests";
				PRODUCT_NAME = "$(TARGET_NAME)";
				TEST_TARGET_NAME = "导航栏颜色渐变";
			};
			name = Release;
		};
/* End XCBuildConfiguration section */

/* Begin XCConfigurationList section */
		D26CCB971E03CA7D0059E1B9 /* Build configuration list for PBXProject "导航栏颜色渐变" */ = {
			isa = XCConfigurationList;
			buildConfigurations = (
				D26CCBC71E03CA7D0059E1B9 /* Debug */,
				D26CCBC81E03CA7D0059E1B9 /* Release */,
			);
			defaultConfigurationIsVisible = 0;
			defaultConfigurationName = Release;
		};
		D26CCBC91E03CA7D0059E1B9 /* Build configuration list for PBXNativeTarget "导航栏颜色渐变" */ = {
			isa = XCConfigurationList;
			buildConfigurations = (
				D26CCBCA1E03CA7D0059E1B9 /* Debug */,
				D26CCBCB1E03CA7D0059E1B9 /* Release */,
			);
			defaultConfigurationIsVisible = 0;
			defaultConfigurationName = Release;
		};
		D26CCBCC1E03CA7D0059E1B9 /* Build configuration list for PBXNativeTarget "导航栏颜色渐变Tests" */ = {
			isa = XCConfigurationList;
			buildConfigurations = (
				D26CCBCD1E03CA7D0059E1B9 /* Debug */,
				D26CCBCE1E03CA7D0059E1B9 /* Release */,
			);
			defaultConfigurationIsVisible = 0;
			defaultConfigurationName = Release;
		};
		D26CCBCF1E03CA7D0059E1B9 /* Build configuration list for PBXNativeTarget "导航栏颜色渐变UITests" */ = {
			isa = XCConfigurationList;
			buildConfigurations = (
				D26CCBD01E03CA7D0059E1B9 /* Debug */,
				D26CCBD11E03CA7D0059E1B9 /* Release */,
			);
			defaultConfigurationIsVisible = 0;
			defaultConfigurationName = Release;
		};
/* End XCConfigurationList section */
	};
	rootObject = D26CCB941E03CA7D0059E1B9 /* Project object */;
}
